
Microsoft Visual Studio Solution File, Format Version 12.00
# Visual Studio Version 16
VisualStudioVersion = 16.0.29411.138
MinimumVisualStudioVersion = 10.0.40219.1
Project("{2150E333-8FDC-42A3-9474-1A3956D46DE8}") = "src", "src", "{31D4B804-8972-43A8-A5CF-7D2601273889}"
EndProject
Project("{2150E333-8FDC-42A3-9474-1A3956D46DE8}") = "test", "test", "{6EE887C5-4A75-4B06-9B3F-FDA1CF57967C}"
EndProject
Project("{9A19103F-16F7-4668-BE54-9A1E7A4F7556}") = "BlogApp.BusinessRules", "src\BlogApp.BusinessRules\BlogApp.BusinessRules.csproj", "{A8F3FC1A-6DB1-4B46-9967-09591B121F6B}"
EndProject
Project("{9A19103F-16F7-4668-BE54-9A1E7A4F7556}") = "BlogApp.BusinessRulesTests", "test\BlogApp.BusinessRulesTests\BlogApp.BusinessRulesTests.csproj", "{8F18B94F-E516-4E35-A572-632D916BF3D1}"
EndProject
Project("{9A19103F-16F7-4668-BE54-9A1E7A4F7556}") = "BlogApp.UseCases", "src\BlogApp.UseCases\BlogApp.UseCases.csproj", "{12B7611B-18D1-45C0-AD67-7F0070BB3639}"
EndProject
Project("{9A19103F-16F7-4668-BE54-9A1E7A4F7556}") = "BlogApp.UseCasesTests", "test\BlogApp.UseCasesTests\BlogApp.UseCasesTests.csproj", "{FBB8A3AB-9939-4B77-AA30-A309C656ACC2}"
EndProject
Project("{9A19103F-16F7-4668-BE54-9A1E7A4F7556}") = "BlogApp.Infrastructure", "src\BlogApp.Infrastructure\BlogApp.Infrastructure.csproj", "{80B63F31-8CA5-4623-BF4E-A71D2124DE38}"
EndProject
Project("{9A19103F-16F7-4668-BE54-9A1E7A4F7556}") = "BlogApp.InfrastructureTests", "test\BlogApp.InfrastructureTests\BlogApp.InfrastructureTests.csproj", "{60F3B554-F1C7-4412-922B-B13B221F48CC}"
EndProject
Project("{9A19103F-16F7-4668-BE54-9A1E7A4F7556}") = "BlogApp.Common", "src\BlogApp.Common\BlogApp.Common.csproj", "{4740A7EF-1D6A-4F44-B7C7-B9BF766C67C9}"
EndProject
Project("{2150E333-8FDC-42A3-9474-1A3956D46DE8}") = "gui", "gui", "{BC9988D2-A296-48B0-B403-230F9BC7F723}"
EndProject
Project("{FAE04EC0-301F-11D3-BF4B-00C04F79EFBC}") = "BlazorApp.Gui.Blazor", "src\gui\BlazorApp.Gui.Blazor\BlazorApp.Gui.Blazor.csproj", "{CA528F0C-9ACC-4511-B9D8-B1CB12506D03}"
EndProject
Global
	GlobalSection(SolutionConfigurationPlatforms) = preSolution
		Debug|Any CPU = Debug|Any CPU
		Release|Any CPU = Release|Any CPU
	EndGlobalSection
	GlobalSection(ProjectConfigurationPlatforms) = postSolution
		{A8F3FC1A-6DB1-4B46-9967-09591B121F6B}.Debug|Any CPU.ActiveCfg = Debug|Any CPU
		{A8F3FC1A-6DB1-4B46-9967-09591B121F6B}.Debug|Any CPU.Build.0 = Debug|Any CPU
		{A8F3FC1A-6DB1-4B46-9967-09591B121F6B}.Release|Any CPU.ActiveCfg = Release|Any CPU
		{A8F3FC1A-6DB1-4B46-9967-09591B121F6B}.Release|Any CPU.Build.0 = Release|Any CPU
		{8F18B94F-E516-4E35-A572-632D916BF3D1}.Debug|Any CPU.ActiveCfg = Debug|Any CPU
		{8F18B94F-E516-4E35-A572-632D916BF3D1}.Debug|Any CPU.Build.0 = Debug|Any CPU
		{8F18B94F-E516-4E35-A572-632D916BF3D1}.Release|Any CPU.ActiveCfg = Release|Any CPU
		{8F18B94F-E516-4E35-A572-632D916BF3D1}.Release|Any CPU.Build.0 = Release|Any CPU
		{12B7611B-18D1-45C0-AD67-7F0070BB3639}.Debug|Any CPU.ActiveCfg = Debug|Any CPU
		{12B7611B-18D1-45C0-AD67-7F0070BB3639}.Debug|Any CPU.Build.0 = Debug|Any CPU
		{12B7611B-18D1-45C0-AD67-7F0070BB3639}.Release|Any CPU.ActiveCfg = Release|Any CPU
		{12B7611B-18D1-45C0-AD67-7F0070BB3639}.Release|Any CPU.Build.0 = Release|Any CPU
		{FBB8A3AB-9939-4B77-AA30-A309C656ACC2}.Debug|Any CPU.ActiveCfg = Debug|Any CPU
		{FBB8A3AB-9939-4B77-AA30-A309C656ACC2}.Debug|Any CPU.Build.0 = Debug|Any CPU
		{FBB8A3AB-9939-4B77-AA30-A309C656ACC2}.Release|Any CPU.ActiveCfg = Release|Any CPU
		{FBB8A3AB-9939-4B77-AA30-A309C656ACC2}.Release|Any CPU.Build.0 = Release|Any CPU
		{80B63F31-8CA5-4623-BF4E-A71D2124DE38}.Debug|Any CPU.ActiveCfg = Debug|Any CPU
		{80B63F31-8CA5-4623-BF4E-A71D2124DE38}.Debug|Any CPU.Build.0 = Debug|Any CPU
		{80B63F31-8CA5-4623-BF4E-A71D2124DE38}.Release|Any CPU.ActiveCfg = Release|Any CPU
		{80B63F31-8CA5-4623-BF4E-A71D2124DE38}.Release|Any CPU.Build.0 = Release|Any CPU
		{60F3B554-F1C7-4412-922B-B13B221F48CC}.Debug|Any CPU.ActiveCfg = Debug|Any CPU
		{60F3B554-F1C7-4412-922B-B13B221F48CC}.Debug|Any CPU.Build.0 = Debug|Any CPU
		{60F3B554-F1C7-4412-922B-B13B221F48CC}.Release|Any CPU.ActiveCfg = Release|Any CPU
		{60F3B554-F1C7-4412-922B-B13B221F48CC}.Release|Any CPU.Build.0 = Release|Any CPU
		{4740A7EF-1D6A-4F44-B7C7-B9BF766C67C9}.Debug|Any CPU.ActiveCfg = Debug|Any CPU
		{4740A7EF-1D6A-4F44-B7C7-B9BF766C67C9}.Debug|Any CPU.Build.0 = Debug|Any CPU
		{4740A7EF-1D6A-4F44-B7C7-B9BF766C67C9}.Release|Any CPU.ActiveCfg = Release|Any CPU
		{4740A7EF-1D6A-4F44-B7C7-B9BF766C67C9}.Release|Any CPU.Build.0 = Release|Any CPU
		{CA528F0C-9ACC-4511-B9D8-B1CB12506D03}.Debug|Any CPU.ActiveCfg = Debug|Any CPU
		{CA528F0C-9ACC-4511-B9D8-B1CB12506D03}.Debug|Any CPU.Build.0 = Debug|Any CPU
		{CA528F0C-9ACC-4511-B9D8-B1CB12506D03}.Release|Any CPU.ActiveCfg = Release|Any CPU
		{CA528F0C-9ACC-4511-B9D8-B1CB12506D03}.Release|Any CPU.Build.0 = Release|Any CPU
	EndGlobalSection
	GlobalSection(SolutionProperties) = preSolution
		HideSolutionNode = FALSE
	EndGlobalSection
	GlobalSection(NestedProjects) = preSolution
		{A8F3FC1A-6DB1-4B46-9967-09591B121F6B} = {31D4B804-8972-43A8-A5CF-7D2601273889}
		{8F18B94F-E516-4E35-A572-632D916BF3D1} = {6EE887C5-4A75-4B06-9B3F-FDA1CF57967C}
		{12B7611B-18D1-45C0-AD67-7F0070BB3639} = {31D4B804-8972-43A8-A5CF-7D2601273889}
		{FBB8A3AB-9939-4B77-AA30-A309C656ACC2} = {6EE887C5-4A75-4B06-9B3F-FDA1CF57967C}
		{80B63F31-8CA5-4623-BF4E-A71D2124DE38} = {31D4B804-8972-43A8-A5CF-7D2601273889}
		{60F3B554-F1C7-4412-922B-B13B221F48CC} = {6EE887C5-4A75-4B06-9B3F-FDA1CF57967C}
		{4740A7EF-1D6A-4F44-B7C7-B9BF766C67C9} = {31D4B804-8972-43A8-A5CF-7D2601273889}
		{BC9988D2-A296-48B0-B403-230F9BC7F723} = {31D4B804-8972-43A8-A5CF-7D2601273889}
		{CA528F0C-9ACC-4511-B9D8-B1CB12506D03} = {BC9988D2-A296-48B0-B403-230F9BC7F723}
	EndGlobalSection
	GlobalSection(ExtensibilityGlobals) = postSolution
		SolutionGuid = {74C2E2C1-044F-4159-848F-9992C8898FB0}
	EndGlobalSection
EndGlobal
